
Microsoft Visual Studio Solution File, Format Version 12.00
# Visual Studio Version 17
VisualStudioVersion = 17.11.35219.272
MinimumVisualStudioVersion = 10.0.40219.1
Project("{FAE04EC0-301F-11D3-BF4B-00C04F79EFBC}") = "CarDealerDemo", "CarDealerDemo\CarDealerDemo.csproj", "{DA0EA8E1-BA42-4631-AFFA-2D2AD1B300C5}"
EndProject
Global
	GlobalSection(SolutionConfigurationPlatforms) = preSolution
		Debug|Any CPU = Debug|Any CPU
		Release|Any CPU = Release|Any CPU
	EndGlobalSection
	GlobalSection(ProjectConfigurationPlatforms) = postSolution
		{DA0EA8E1-BA42-4631-AFFA-2D2AD1B300C5}.Debug|Any CPU.ActiveCfg = Debug|Any CPU
		{DA0EA8E1-BA42-4631-AFFA-2D2AD1B300C5}.Debug|Any CPU.Build.0 = Debug|Any CPU
		{DA0EA8E1-BA42-4631-AFFA-2D2AD1B300C5}.Release|Any CPU.ActiveCfg = Release|Any CPU
		{DA0EA8E1-BA42-4631-AFFA-2D2AD1B300C5}.Release|Any CPU.Build.0 = Release|Any CPU
	EndGlobalSection
	GlobalSection(SolutionProperties) = preSolution
		HideSolutionNode = FALSE
	EndGlobalSection
	GlobalSection(ExtensibilityGlobals) = postSolution
		SolutionGuid = {3C0A554C-A25F-4385-88BB-4BC6D3581F60}
	EndGlobalSection
EndGlobal
